{
  ":vendored_gems_env => \"VENDORED_GEMS\",\n:vendor_gem_dir_env => \"VENDOR_GEM_DIR\",": [
    {
      "file": "gemfiles/modular/templating_local.gemfile",
      "lines": [
        78,
        89
      ]
    }
  ],
  "direct: rubocop-ruby1_8.gemspec\nmodular: gemfiles/modular/documentation.gemfile": [
    {
      "file": ".structuredmerge/kettle-jem.yml",
      "lines": [
        98,
        118
      ]
    }
  ],
  "direct: rubocop-ruby1_8.gemspec\nmodular: gemfiles/modular/style.gemfile": [
    {
      "file": ".structuredmerge/kettle-jem.yml",
      "lines": [
        108,
        113
      ]
    }
  ]
}
